# THIS IS AN AUTOGENERATED FILE. DO NOT EDIT THIS FILE DIRECTLY.
# yarn lockfile v1


ccapture.js@^1.1.0:
  version "1.1.0"
  resolved "https://registry.yarnpkg.com/ccapture.js/-/ccapture.js-1.1.0.tgz#ac4030e8b43847e305242d784abf284d2313beff"

matter-js@^0.14.1:
  version "0.14.1"
  resolved "https://registry.yarnpkg.com/matter-js/-/matter-js-0.14.1.tgz#71d967f2de858b1616bfccc1002ab38aab9e350a"

ocanvas@^2.9.1:
  version "2.9.1"
  resolved "https://registry.yarnpkg.com/ocanvas/-/ocanvas-2.9.1.tgz#7c1b08d8effc1dee2a54bd80bff3874911aa90ed"

tinycolor2@^1.4.1:
  version "1.4.1"
  resolved "https://registry.yarnpkg.com/tinycolor2/-/tinycolor2-1.4.1.tgz#f4fad333447bc0b07d4dc8e9209d8f39a8ac77e8"
